
Microsoft Visual Studio Solution File, Format Version 12.00
# Visual Studio Version 17
VisualStudioVersion = 17.3.32811.315
MinimumVisualStudioVersion = 10.0.40219.1
Project("{FAE04EC0-301F-11D3-BF4B-00C04F79EFBC}") = "project_4", "project_4\project_4.csproj", "{86E01565-B085-49BA-9799-90381D386F38}"
	ProjectSection(ProjectDependencies) = postProject
		{B4B56870-8FF8-4798-AA9A-93CE04C107A2} = {B4B56870-8FF8-4798-AA9A-93CE04C107A2}
	EndProjectSection
EndProject
Project("{FAE04EC0-301F-11D3-BF4B-00C04F79EFBC}") = "oops_project", "oops_project\oops_project.csproj", "{B4B56870-8FF8-4798-AA9A-93CE04C107A2}"
EndProject
Global
	GlobalSection(SolutionConfigurationPlatforms) = preSolution
		Debug|Any CPU = Debug|Any CPU
		Release|Any CPU = Release|Any CPU
	EndGlobalSection
	GlobalSection(ProjectConfigurationPlatforms) = postSolution
		{86E01565-B085-49BA-9799-90381D386F38}.Debug|Any CPU.ActiveCfg = Debug|Any CPU
		{86E01565-B085-49BA-9799-90381D386F38}.Debug|Any CPU.Build.0 = Debug|Any CPU
		{86E01565-B085-49BA-9799-90381D386F38}.Release|Any CPU.ActiveCfg = Release|Any CPU
		{86E01565-B085-49BA-9799-90381D386F38}.Release|Any CPU.Build.0 = Release|Any CPU
		{B4B56870-8FF8-4798-AA9A-93CE04C107A2}.Debug|Any CPU.ActiveCfg = Debug|Any CPU
		{B4B56870-8FF8-4798-AA9A-93CE04C107A2}.Debug|Any CPU.Build.0 = Debug|Any CPU
		{B4B56870-8FF8-4798-AA9A-93CE04C107A2}.Release|Any CPU.ActiveCfg = Release|Any CPU
		{B4B56870-8FF8-4798-AA9A-93CE04C107A2}.Release|Any CPU.Build.0 = Release|Any CPU
	EndGlobalSection
	GlobalSection(SolutionProperties) = preSolution
		HideSolutionNode = FALSE
	EndGlobalSection
	GlobalSection(ExtensibilityGlobals) = postSolution
		SolutionGuid = {4CE1275C-AEFF-4E5E-B4DA-AE5CD0E431C1}
	EndGlobalSection
EndGlobal
